
Microsoft Visual Studio Solution File, Format Version 12.00
# Visual Studio 15
VisualStudioVersion = 15.0.28307.421
MinimumVisualStudioVersion = 10.0.40219.1
Project("{8BC9CEB8-8B4A-11D0-8D11-00A0C91BC942}") = "Project1", "Project1\Project1.vcxproj", "{D25F9557-A74F-436A-9928-7812E4587D47}"
EndProject
Project("{8BC9CEB8-8B4A-11D0-8D11-00A0C91BC942}") = "EnvironVar", "EnvironVar\EnvironVar.vcxproj", "{C8A005DA-C0F6-4957-B553-AFA7BD5A1F32}"
EndProject
Project("{8BC9CEB8-8B4A-11D0-8D11-00A0C91BC942}") = "openFile", "openFile\openFile.vcxproj", "{084CB6AF-BD97-41C8-B451-5FE890E33344}"
EndProject
Project("{8BC9CEB8-8B4A-11D0-8D11-00A0C91BC942}") = "WriteFile", "WriteFile\WriteFile.vcxproj", "{6FE953D5-9388-403A-A489-2A6A6A62B92E}"
EndProject
Project("{8BC9CEB8-8B4A-11D0-8D11-00A0C91BC942}") = "Process", "Process\Process.vcxproj", "{19E392E0-8868-4B9E-A90E-617F47B37983}"
EndProject
Project("{8BC9CEB8-8B4A-11D0-8D11-00A0C91BC942}") = "Event", "Event\Event.vcxproj", "{629A8E37-B73F-40F2-87F0-1966C120374B}"
EndProject
Project("{8BC9CEB8-8B4A-11D0-8D11-00A0C91BC942}") = "Threads", "Threads\Threads.vcxproj", "{B11AA9E2-C001-453B-B69C-73A32008FEFA}"
EndProject
Project("{8BC9CEB8-8B4A-11D0-8D11-00A0C91BC942}") = "atomic access", "atomic access\atomic access.vcxproj", "{4F661BE3-E182-41ED-9D9F-62DA8F32C3B7}"
EndProject
Project("{8BC9CEB8-8B4A-11D0-8D11-00A0C91BC942}") = "ANSI-MULTIBYTE", "ANSI-MULTIBYTE\ANSI-MULTIBYTE.vcxproj", "{D71CA4A1-F764-45B5-ADEA-420234D8B103}"
EndProject
Project("{8BC9CEB8-8B4A-11D0-8D11-00A0C91BC942}") = "ChildProc", "ChildProc\ChildProc.vcxproj", "{0E72A8B6-F203-4AC7-B18D-8B1853C1D765}"
EndProject
Project("{8BC9CEB8-8B4A-11D0-8D11-00A0C91BC942}") = "InheritHandle", "InheritHandle\InheritHandle.vcxproj", "{961CB956-D01C-4B51-B878-25EA243DA07B}"
EndProject
Project("{8BC9CEB8-8B4A-11D0-8D11-00A0C91BC942}") = "SuspendThread", "SuspendThread\SuspendThread.vcxproj", "{B9E975F3-21D7-49D1-B47C-D2273CE40B4C}"
EndProject
Project("{8BC9CEB8-8B4A-11D0-8D11-00A0C91BC942}") = "Threads2", "Threads2\Threads2.vcxproj", "{4B3BDBCE-AD13-4A3B-8BBF-5D83A3C42B70}"
EndProject
Project("{8BC9CEB8-8B4A-11D0-8D11-00A0C91BC942}") = "Terminate", "Terminate\Terminate.vcxproj", "{36943A54-316C-4239-A0DD-0916BE312DA6}"
EndProject
Project("{8BC9CEB8-8B4A-11D0-8D11-00A0C91BC942}") = "SRWandConditionalVar", "SRWandConditionalVar\SRWandConditionalVar.vcxproj", "{7D8F9168-773A-402A-86E6-9F7AB03E64CC}"
EndProject
Project("{8BC9CEB8-8B4A-11D0-8D11-00A0C91BC942}") = "Critical Section", "Critical Section\Critical Section.vcxproj", "{301F59E0-5E4E-4BA6-BCA1-47205F31883D}"
EndProject
Project("{8BC9CEB8-8B4A-11D0-8D11-00A0C91BC942}") = "Priority", "Priority\Priority.vcxproj", "{7034F1F9-A9E1-4402-B0F7-5A95CFE0896D}"
EndProject
Project("{8BC9CEB8-8B4A-11D0-8D11-00A0C91BC942}") = "Thread2.0", "Thread2.0\Thread2.0.vcxproj", "{C767EC13-E82B-49CB-A016-5D3708B4DFE9}"
EndProject
Project("{8BC9CEB8-8B4A-11D0-8D11-00A0C91BC942}") = "Multipleobjthreads", "Multipleobjthreads\Multipleobjthreads.vcxproj", "{AB05DEC4-9BED-4AD3-8D32-CE41C2C43815}"
EndProject
Project("{8BC9CEB8-8B4A-11D0-8D11-00A0C91BC942}") = "dll", "dll\dll.vcxproj", "{9AB3C44C-3575-44F5-8FED-727939F0D813}"
EndProject
Project("{8BC9CEB8-8B4A-11D0-8D11-00A0C91BC942}") = "app_dll", "app_dll\app_dll.vcxproj", "{C1FD6A39-283B-4FCC-83AC-AE6F4312B614}"
EndProject
Project("{8BC9CEB8-8B4A-11D0-8D11-00A0C91BC942}") = "attachdetach", "attachdetach\attachdetach.vcxproj", "{C94A1DD6-0A03-4EFA-B668-8F75E6E48DD5}"
EndProject
Project("{8BC9CEB8-8B4A-11D0-8D11-00A0C91BC942}") = "StatLib", "StatLib\StatLib.vcxproj", "{F18C2FE1-F897-4867-A34F-C36C0A89D5EC}"
EndProject
Project("{8BC9CEB8-8B4A-11D0-8D11-00A0C91BC942}") = "semaphore", "semaphore\semaphore.vcxproj", "{CABDAC75-FA33-44A2-B632-A92739B59398}"
EndProject
Global
	GlobalSection(SolutionConfigurationPlatforms) = preSolution
		Debug|x64 = Debug|x64
		Debug|x86 = Debug|x86
		Release|x64 = Release|x64
		Release|x86 = Release|x86
	EndGlobalSection
	GlobalSection(ProjectConfigurationPlatforms) = postSolution
		{D25F9557-A74F-436A-9928-7812E4587D47}.Debug|x64.ActiveCfg = Debug|x64
		{D25F9557-A74F-436A-9928-7812E4587D47}.Debug|x64.Build.0 = Debug|x64
		{D25F9557-A74F-436A-9928-7812E4587D47}.Debug|x86.ActiveCfg = Debug|Win32
		{D25F9557-A74F-436A-9928-7812E4587D47}.Debug|x86.Build.0 = Debug|Win32
		{D25F9557-A74F-436A-9928-7812E4587D47}.Release|x64.ActiveCfg = Release|x64
		{D25F9557-A74F-436A-9928-7812E4587D47}.Release|x64.Build.0 = Release|x64
		{D25F9557-A74F-436A-9928-7812E4587D47}.Release|x86.ActiveCfg = Release|Win32
		{D25F9557-A74F-436A-9928-7812E4587D47}.Release|x86.Build.0 = Release|Win32
		{C8A005DA-C0F6-4957-B553-AFA7BD5A1F32}.Debug|x64.ActiveCfg = Debug|x64
		{C8A005DA-C0F6-4957-B553-AFA7BD5A1F32}.Debug|x64.Build.0 = Debug|x64
		{C8A005DA-C0F6-4957-B553-AFA7BD5A1F32}.Debug|x86.ActiveCfg = Debug|Win32
		{C8A005DA-C0F6-4957-B553-AFA7BD5A1F32}.Debug|x86.Build.0 = Debug|Win32
		{C8A005DA-C0F6-4957-B553-AFA7BD5A1F32}.Release|x64.ActiveCfg = Release|x64
		{C8A005DA-C0F6-4957-B553-AFA7BD5A1F32}.Release|x64.Build.0 = Release|x64
		{C8A005DA-C0F6-4957-B553-AFA7BD5A1F32}.Release|x86.ActiveCfg = Release|Win32
		{C8A005DA-C0F6-4957-B553-AFA7BD5A1F32}.Release|x86.Build.0 = Release|Win32
		{084CB6AF-BD97-41C8-B451-5FE890E33344}.Debug|x64.ActiveCfg = Debug|x64
		{084CB6AF-BD97-41C8-B451-5FE890E33344}.Debug|x64.Build.0 = Debug|x64
		{084CB6AF-BD97-41C8-B451-5FE890E33344}.Debug|x86.ActiveCfg = Debug|Win32
		{084CB6AF-BD97-41C8-B451-5FE890E33344}.Debug|x86.Build.0 = Debug|Win32
		{084CB6AF-BD97-41C8-B451-5FE890E33344}.Release|x64.ActiveCfg = Release|x64
		{084CB6AF-BD97-41C8-B451-5FE890E33344}.Release|x64.Build.0 = Release|x64
		{084CB6AF-BD97-41C8-B451-5FE890E33344}.Release|x86.ActiveCfg = Release|Win32
		{084CB6AF-BD97-41C8-B451-5FE890E33344}.Release|x86.Build.0 = Release|Win32
		{6FE953D5-9388-403A-A489-2A6A6A62B92E}.Debug|x64.ActiveCfg = Debug|x64
		{6FE953D5-9388-403A-A489-2A6A6A62B92E}.Debug|x64.Build.0 = Debug|x64
		{6FE953D5-9388-403A-A489-2A6A6A62B92E}.Debug|x86.ActiveCfg = Debug|Win32
		{6FE953D5-9388-403A-A489-2A6A6A62B92E}.Debug|x86.Build.0 = Debug|Win32
		{6FE953D5-9388-403A-A489-2A6A6A62B92E}.Release|x64.ActiveCfg = Release|x64
		{6FE953D5-9388-403A-A489-2A6A6A62B92E}.Release|x64.Build.0 = Release|x64
		{6FE953D5-9388-403A-A489-2A6A6A62B92E}.Release|x86.ActiveCfg = Release|Win32
		{6FE953D5-9388-403A-A489-2A6A6A62B92E}.Release|x86.Build.0 = Release|Win32
		{19E392E0-8868-4B9E-A90E-617F47B37983}.Debug|x64.ActiveCfg = Debug|x64
		{19E392E0-8868-4B9E-A90E-617F47B37983}.Debug|x64.Build.0 = Debug|x64
		{19E392E0-8868-4B9E-A90E-617F47B37983}.Debug|x86.ActiveCfg = Debug|Win32
		{19E392E0-8868-4B9E-A90E-617F47B37983}.Debug|x86.Build.0 = Debug|Win32
		{19E392E0-8868-4B9E-A90E-617F47B37983}.Release|x64.ActiveCfg = Release|x64
		{19E392E0-8868-4B9E-A90E-617F47B37983}.Release|x64.Build.0 = Release|x64
		{19E392E0-8868-4B9E-A90E-617F47B37983}.Release|x86.ActiveCfg = Release|Win32
		{19E392E0-8868-4B9E-A90E-617F47B37983}.Release|x86.Build.0 = Release|Win32
		{629A8E37-B73F-40F2-87F0-1966C120374B}.Debug|x64.ActiveCfg = Debug|x64
		{629A8E37-B73F-40F2-87F0-1966C120374B}.Debug|x64.Build.0 = Debug|x64
		{629A8E37-B73F-40F2-87F0-1966C120374B}.Debug|x86.ActiveCfg = Debug|Win32
		{629A8E37-B73F-40F2-87F0-1966C120374B}.Debug|x86.Build.0 = Debug|Win32
		{629A8E37-B73F-40F2-87F0-1966C120374B}.Release|x64.ActiveCfg = Release|x64
		{629A8E37-B73F-40F2-87F0-1966C120374B}.Release|x64.Build.0 = Release|x64
		{629A8E37-B73F-40F2-87F0-1966C120374B}.Release|x86.ActiveCfg = Release|Win32
		{629A8E37-B73F-40F2-87F0-1966C120374B}.Release|x86.Build.0 = Release|Win32
		{B11AA9E2-C001-453B-B69C-73A32008FEFA}.Debug|x64.ActiveCfg = Debug|x64
		{B11AA9E2-C001-453B-B69C-73A32008FEFA}.Debug|x64.Build.0 = Debug|x64
		{B11AA9E2-C001-453B-B69C-73A32008FEFA}.Debug|x86.ActiveCfg = Debug|Win32
		{B11AA9E2-C001-453B-B69C-73A32008FEFA}.Debug|x86.Build.0 = Debug|Win32
		{B11AA9E2-C001-453B-B69C-73A32008FEFA}.Release|x64.ActiveCfg = Release|x64
		{B11AA9E2-C001-453B-B69C-73A32008FEFA}.Release|x64.Build.0 = Release|x64
		{B11AA9E2-C001-453B-B69C-73A32008FEFA}.Release|x86.ActiveCfg = Release|Win32
		{B11AA9E2-C001-453B-B69C-73A32008FEFA}.Release|x86.Build.0 = Release|Win32
		{4F661BE3-E182-41ED-9D9F-62DA8F32C3B7}.Debug|x64.ActiveCfg = Debug|x64
		{4F661BE3-E182-41ED-9D9F-62DA8F32C3B7}.Debug|x64.Build.0 = Debug|x64
		{4F661BE3-E182-41ED-9D9F-62DA8F32C3B7}.Debug|x86.ActiveCfg = Debug|Win32
		{4F661BE3-E182-41ED-9D9F-62DA8F32C3B7}.Debug|x86.Build.0 = Debug|Win32
		{4F661BE3-E182-41ED-9D9F-62DA8F32C3B7}.Release|x64.ActiveCfg = Release|x64
		{4F661BE3-E182-41ED-9D9F-62DA8F32C3B7}.Release|x64.Build.0 = Release|x64
		{4F661BE3-E182-41ED-9D9F-62DA8F32C3B7}.Release|x86.ActiveCfg = Release|Win32
		{4F661BE3-E182-41ED-9D9F-62DA8F32C3B7}.Release|x86.Build.0 = Release|Win32
		{D71CA4A1-F764-45B5-ADEA-420234D8B103}.Debug|x64.ActiveCfg = Debug|x64
		{D71CA4A1-F764-45B5-ADEA-420234D8B103}.Debug|x64.Build.0 = Debug|x64
		{D71CA4A1-F764-45B5-ADEA-420234D8B103}.Debug|x86.ActiveCfg = Debug|Win32
		{D71CA4A1-F764-45B5-ADEA-420234D8B103}.Debug|x86.Build.0 = Debug|Win32
		{D71CA4A1-F764-45B5-ADEA-420234D8B103}.Release|x64.ActiveCfg = Release|x64
		{D71CA4A1-F764-45B5-ADEA-420234D8B103}.Release|x64.Build.0 = Release|x64
		{D71CA4A1-F764-45B5-ADEA-420234D8B103}.Release|x86.ActiveCfg = Release|Win32
		{D71CA4A1-F764-45B5-ADEA-420234D8B103}.Release|x86.Build.0 = Release|Win32
		{0E72A8B6-F203-4AC7-B18D-8B1853C1D765}.Debug|x64.ActiveCfg = Debug|x64
		{0E72A8B6-F203-4AC7-B18D-8B1853C1D765}.Debug|x64.Build.0 = Debug|x64
		{0E72A8B6-F203-4AC7-B18D-8B1853C1D765}.Debug|x86.ActiveCfg = Debug|Win32
		{0E72A8B6-F203-4AC7-B18D-8B1853C1D765}.Debug|x86.Build.0 = Debug|Win32
		{0E72A8B6-F203-4AC7-B18D-8B1853C1D765}.Release|x64.ActiveCfg = Release|x64
		{0E72A8B6-F203-4AC7-B18D-8B1853C1D765}.Release|x64.Build.0 = Release|x64
		{0E72A8B6-F203-4AC7-B18D-8B1853C1D765}.Release|x86.ActiveCfg = Release|Win32
		{0E72A8B6-F203-4AC7-B18D-8B1853C1D765}.Release|x86.Build.0 = Release|Win32
		{961CB956-D01C-4B51-B878-25EA243DA07B}.Debug|x64.ActiveCfg = Debug|x64
		{961CB956-D01C-4B51-B878-25EA243DA07B}.Debug|x64.Build.0 = Debug|x64
		{961CB956-D01C-4B51-B878-25EA243DA07B}.Debug|x86.ActiveCfg = Debug|Win32
		{961CB956-D01C-4B51-B878-25EA243DA07B}.Debug|x86.Build.0 = Debug|Win32
		{961CB956-D01C-4B51-B878-25EA243DA07B}.Release|x64.ActiveCfg = Release|x64
		{961CB956-D01C-4B51-B878-25EA243DA07B}.Release|x64.Build.0 = Release|x64
		{961CB956-D01C-4B51-B878-25EA243DA07B}.Release|x86.ActiveCfg = Release|Win32
		{961CB956-D01C-4B51-B878-25EA243DA07B}.Release|x86.Build.0 = Release|Win32
		{B9E975F3-21D7-49D1-B47C-D2273CE40B4C}.Debug|x64.ActiveCfg = Debug|x64
		{B9E975F3-21D7-49D1-B47C-D2273CE40B4C}.Debug|x64.Build.0 = Debug|x64
		{B9E975F3-21D7-49D1-B47C-D2273CE40B4C}.Debug|x86.ActiveCfg = Debug|Win32
		{B9E975F3-21D7-49D1-B47C-D2273CE40B4C}.Debug|x86.Build.0 = Debug|Win32
		{B9E975F3-21D7-49D1-B47C-D2273CE40B4C}.Release|x64.ActiveCfg = Release|x64
		{B9E975F3-21D7-49D1-B47C-D2273CE40B4C}.Release|x64.Build.0 = Release|x64
		{B9E975F3-21D7-49D1-B47C-D2273CE40B4C}.Release|x86.ActiveCfg = Release|Win32
		{B9E975F3-21D7-49D1-B47C-D2273CE40B4C}.Release|x86.Build.0 = Release|Win32
		{4B3BDBCE-AD13-4A3B-8BBF-5D83A3C42B70}.Debug|x64.ActiveCfg = Debug|x64
		{4B3BDBCE-AD13-4A3B-8BBF-5D83A3C42B70}.Debug|x64.Build.0 = Debug|x64
		{4B3BDBCE-AD13-4A3B-8BBF-5D83A3C42B70}.Debug|x86.ActiveCfg = Debug|Win32
		{4B3BDBCE-AD13-4A3B-8BBF-5D83A3C42B70}.Debug|x86.Build.0 = Debug|Win32
		{4B3BDBCE-AD13-4A3B-8BBF-5D83A3C42B70}.Release|x64.ActiveCfg = Release|x64
		{4B3BDBCE-AD13-4A3B-8BBF-5D83A3C42B70}.Release|x64.Build.0 = Release|x64
		{4B3BDBCE-AD13-4A3B-8BBF-5D83A3C42B70}.Release|x86.ActiveCfg = Release|Win32
		{4B3BDBCE-AD13-4A3B-8BBF-5D83A3C42B70}.Release|x86.Build.0 = Release|Win32
		{36943A54-316C-4239-A0DD-0916BE312DA6}.Debug|x64.ActiveCfg = Debug|x64
		{36943A54-316C-4239-A0DD-0916BE312DA6}.Debug|x64.Build.0 = Debug|x64
		{36943A54-316C-4239-A0DD-0916BE312DA6}.Debug|x86.ActiveCfg = Debug|Win32
		{36943A54-316C-4239-A0DD-0916BE312DA6}.Debug|x86.Build.0 = Debug|Win32
		{36943A54-316C-4239-A0DD-0916BE312DA6}.Release|x64.ActiveCfg = Release|x64
		{36943A54-316C-4239-A0DD-0916BE312DA6}.Release|x64.Build.0 = Release|x64
		{36943A54-316C-4239-A0DD-0916BE312DA6}.Release|x86.ActiveCfg = Release|Win32
		{36943A54-316C-4239-A0DD-0916BE312DA6}.Release|x86.Build.0 = Release|Win32
		{7D8F9168-773A-402A-86E6-9F7AB03E64CC}.Debug|x64.ActiveCfg = Debug|x64
		{7D8F9168-773A-402A-86E6-9F7AB03E64CC}.Debug|x64.Build.0 = Debug|x64
		{7D8F9168-773A-402A-86E6-9F7AB03E64CC}.Debug|x86.ActiveCfg = Debug|Win32
		{7D8F9168-773A-402A-86E6-9F7AB03E64CC}.Debug|x86.Build.0 = Debug|Win32
		{7D8F9168-773A-402A-86E6-9F7AB03E64CC}.Release|x64.ActiveCfg = Release|x64
		{7D8F9168-773A-402A-86E6-9F7AB03E64CC}.Release|x64.Build.0 = Release|x64
		{7D8F9168-773A-402A-86E6-9F7AB03E64CC}.Release|x86.ActiveCfg = Release|Win32
		{7D8F9168-773A-402A-86E6-9F7AB03E64CC}.Release|x86.Build.0 = Release|Win32
		{301F59E0-5E4E-4BA6-BCA1-47205F31883D}.Debug|x64.ActiveCfg = Debug|x64
		{301F59E0-5E4E-4BA6-BCA1-47205F31883D}.Debug|x64.Build.0 = Debug|x64
		{301F59E0-5E4E-4BA6-BCA1-47205F31883D}.Debug|x86.ActiveCfg = Debug|Win32
		{301F59E0-5E4E-4BA6-BCA1-47205F31883D}.Debug|x86.Build.0 = Debug|Win32
		{301F59E0-5E4E-4BA6-BCA1-47205F31883D}.Release|x64.ActiveCfg = Release|x64
		{301F59E0-5E4E-4BA6-BCA1-47205F31883D}.Release|x64.Build.0 = Release|x64
		{301F59E0-5E4E-4BA6-BCA1-47205F31883D}.Release|x86.ActiveCfg = Release|Win32
		{301F59E0-5E4E-4BA6-BCA1-47205F31883D}.Release|x86.Build.0 = Release|Win32
		{7034F1F9-A9E1-4402-B0F7-5A95CFE0896D}.Debug|x64.ActiveCfg = Debug|x64
		{7034F1F9-A9E1-4402-B0F7-5A95CFE0896D}.Debug|x64.Build.0 = Debug|x64
		{7034F1F9-A9E1-4402-B0F7-5A95CFE0896D}.Debug|x86.ActiveCfg = Debug|Win32
		{7034F1F9-A9E1-4402-B0F7-5A95CFE0896D}.Debug|x86.Build.0 = Debug|Win32
		{7034F1F9-A9E1-4402-B0F7-5A95CFE0896D}.Release|x64.ActiveCfg = Release|x64
		{7034F1F9-A9E1-4402-B0F7-5A95CFE0896D}.Release|x64.Build.0 = Release|x64
		{7034F1F9-A9E1-4402-B0F7-5A95CFE0896D}.Release|x86.ActiveCfg = Release|Win32
		{7034F1F9-A9E1-4402-B0F7-5A95CFE0896D}.Release|x86.Build.0 = Release|Win32
		{C767EC13-E82B-49CB-A016-5D3708B4DFE9}.Debug|x64.ActiveCfg = Debug|x64
		{C767EC13-E82B-49CB-A016-5D3708B4DFE9}.Debug|x64.Build.0 = Debug|x64
		{C767EC13-E82B-49CB-A016-5D3708B4DFE9}.Debug|x86.ActiveCfg = Debug|Win32
		{C767EC13-E82B-49CB-A016-5D3708B4DFE9}.Debug|x86.Build.0 = Debug|Win32
		{C767EC13-E82B-49CB-A016-5D3708B4DFE9}.Release|x64.ActiveCfg = Release|x64
		{C767EC13-E82B-49CB-A016-5D3708B4DFE9}.Release|x64.Build.0 = Release|x64
		{C767EC13-E82B-49CB-A016-5D3708B4DFE9}.Release|x86.ActiveCfg = Release|Win32
		{C767EC13-E82B-49CB-A016-5D3708B4DFE9}.Release|x86.Build.0 = Release|Win32
		{AB05DEC4-9BED-4AD3-8D32-CE41C2C43815}.Debug|x64.ActiveCfg = Debug|x64
		{AB05DEC4-9BED-4AD3-8D32-CE41C2C43815}.Debug|x64.Build.0 = Debug|x64
		{AB05DEC4-9BED-4AD3-8D32-CE41C2C43815}.Debug|x86.ActiveCfg = Debug|Win32
		{AB05DEC4-9BED-4AD3-8D32-CE41C2C43815}.Debug|x86.Build.0 = Debug|Win32
		{AB05DEC4-9BED-4AD3-8D32-CE41C2C43815}.Release|x64.ActiveCfg = Release|x64
		{AB05DEC4-9BED-4AD3-8D32-CE41C2C43815}.Release|x64.Build.0 = Release|x64
		{AB05DEC4-9BED-4AD3-8D32-CE41C2C43815}.Release|x86.ActiveCfg = Release|Win32
		{AB05DEC4-9BED-4AD3-8D32-CE41C2C43815}.Release|x86.Build.0 = Release|Win32
		{9AB3C44C-3575-44F5-8FED-727939F0D813}.Debug|x64.ActiveCfg = Debug|x64
		{9AB3C44C-3575-44F5-8FED-727939F0D813}.Debug|x64.Build.0 = Debug|x64
		{9AB3C44C-3575-44F5-8FED-727939F0D813}.Debug|x86.ActiveCfg = Debug|Win32
		{9AB3C44C-3575-44F5-8FED-727939F0D813}.Debug|x86.Build.0 = Debug|Win32
		{9AB3C44C-3575-44F5-8FED-727939F0D813}.Release|x64.ActiveCfg = Release|x64
		{9AB3C44C-3575-44F5-8FED-727939F0D813}.Release|x64.Build.0 = Release|x64
		{9AB3C44C-3575-44F5-8FED-727939F0D813}.Release|x86.ActiveCfg = Release|Win32
		{9AB3C44C-3575-44F5-8FED-727939F0D813}.Release|x86.Build.0 = Release|Win32
		{C1FD6A39-283B-4FCC-83AC-AE6F4312B614}.Debug|x64.ActiveCfg = Debug|x64
		{C1FD6A39-283B-4FCC-83AC-AE6F4312B614}.Debug|x64.Build.0 = Debug|x64
		{C1FD6A39-283B-4FCC-83AC-AE6F4312B614}.Debug|x86.ActiveCfg = Debug|Win32
		{C1FD6A39-283B-4FCC-83AC-AE6F4312B614}.Debug|x86.Build.0 = Debug|Win32
		{C1FD6A39-283B-4FCC-83AC-AE6F4312B614}.Release|x64.ActiveCfg = Release|x64
		{C1FD6A39-283B-4FCC-83AC-AE6F4312B614}.Release|x64.Build.0 = Release|x64
		{C1FD6A39-283B-4FCC-83AC-AE6F4312B614}.Release|x86.ActiveCfg = Release|Win32
		{C1FD6A39-283B-4FCC-83AC-AE6F4312B614}.Release|x86.Build.0 = Release|Win32
		{C94A1DD6-0A03-4EFA-B668-8F75E6E48DD5}.Debug|x64.ActiveCfg = Debug|x64
		{C94A1DD6-0A03-4EFA-B668-8F75E6E48DD5}.Debug|x64.Build.0 = Debug|x64
		{C94A1DD6-0A03-4EFA-B668-8F75E6E48DD5}.Debug|x86.ActiveCfg = Debug|Win32
		{C94A1DD6-0A03-4EFA-B668-8F75E6E48DD5}.Debug|x86.Build.0 = Debug|Win32
		{C94A1DD6-0A03-4EFA-B668-8F75E6E48DD5}.Release|x64.ActiveCfg = Release|x64
		{C94A1DD6-0A03-4EFA-B668-8F75E6E48DD5}.Release|x64.Build.0 = Release|x64
		{C94A1DD6-0A03-4EFA-B668-8F75E6E48DD5}.Release|x86.ActiveCfg = Release|Win32
		{C94A1DD6-0A03-4EFA-B668-8F75E6E48DD5}.Release|x86.Build.0 = Release|Win32
		{F18C2FE1-F897-4867-A34F-C36C0A89D5EC}.Debug|x64.ActiveCfg = Debug|x64
		{F18C2FE1-F897-4867-A34F-C36C0A89D5EC}.Debug|x64.Build.0 = Debug|x64
		{F18C2FE1-F897-4867-A34F-C36C0A89D5EC}.Debug|x86.ActiveCfg = Debug|Win32
		{F18C2FE1-F897-4867-A34F-C36C0A89D5EC}.Debug|x86.Build.0 = Debug|Win32
		{F18C2FE1-F897-4867-A34F-C36C0A89D5EC}.Release|x64.ActiveCfg = Release|x64
		{F18C2FE1-F897-4867-A34F-C36C0A89D5EC}.Release|x64.Build.0 = Release|x64
		{F18C2FE1-F897-4867-A34F-C36C0A89D5EC}.Release|x86.ActiveCfg = Release|Win32
		{F18C2FE1-F897-4867-A34F-C36C0A89D5EC}.Release|x86.Build.0 = Release|Win32
		{CABDAC75-FA33-44A2-B632-A92739B59398}.Debug|x64.ActiveCfg = Debug|x64
		{CABDAC75-FA33-44A2-B632-A92739B59398}.Debug|x64.Build.0 = Debug|x64
		{CABDAC75-FA33-44A2-B632-A92739B59398}.Debug|x86.ActiveCfg = Debug|Win32
		{CABDAC75-FA33-44A2-B632-A92739B59398}.Debug|x86.Build.0 = Debug|Win32
		{CABDAC75-FA33-44A2-B632-A92739B59398}.Release|x64.ActiveCfg = Release|x64
		{CABDAC75-FA33-44A2-B632-A92739B59398}.Release|x64.Build.0 = Release|x64
		{CABDAC75-FA33-44A2-B632-A92739B59398}.Release|x86.ActiveCfg = Release|Win32
		{CABDAC75-FA33-44A2-B632-A92739B59398}.Release|x86.Build.0 = Release|Win32
	EndGlobalSection
	GlobalSection(SolutionProperties) = preSolution
		HideSolutionNode = FALSE
	EndGlobalSection
	GlobalSection(ExtensibilityGlobals) = postSolution
		SolutionGuid = {BD93FBFB-1F11-4B99-A1C3-DF7AA237ACAC}
	EndGlobalSection
EndGlobal
