
Microsoft Visual Studio Solution File, Format Version 12.00
# Visual Studio 15
VisualStudioVersion = 15.0.28307.489
MinimumVisualStudioVersion = 10.0.40219.1
Project("{8BC9CEB8-8B4A-11D0-8D11-00A0C91BC942}") = "Assg", "Assg\Assg.vcxproj", "{80A2F36C-5A49-427C-9D20-4F85C1581886}"
EndProject
Project("{8BC9CEB8-8B4A-11D0-8D11-00A0C91BC942}") = "ds", "ds\ds.vcxproj", "{F63F1294-F49D-4C9D-BC3B-0975E40C6389}"
EndProject
Global
	GlobalSection(SolutionConfigurationPlatforms) = preSolution
		Debug|x64 = Debug|x64
		Debug|x86 = Debug|x86
		Release|x64 = Release|x64
		Release|x86 = Release|x86
	EndGlobalSection
	GlobalSection(ProjectConfigurationPlatforms) = postSolution
		{80A2F36C-5A49-427C-9D20-4F85C1581886}.Debug|x64.ActiveCfg = Debug|x64
		{80A2F36C-5A49-427C-9D20-4F85C1581886}.Debug|x64.Build.0 = Debug|x64
		{80A2F36C-5A49-427C-9D20-4F85C1581886}.Debug|x86.ActiveCfg = Debug|Win32
		{80A2F36C-5A49-427C-9D20-4F85C1581886}.Debug|x86.Build.0 = Debug|Win32
		{80A2F36C-5A49-427C-9D20-4F85C1581886}.Release|x64.ActiveCfg = Release|x64
		{80A2F36C-5A49-427C-9D20-4F85C1581886}.Release|x64.Build.0 = Release|x64
		{80A2F36C-5A49-427C-9D20-4F85C1581886}.Release|x86.ActiveCfg = Release|Win32
		{80A2F36C-5A49-427C-9D20-4F85C1581886}.Release|x86.Build.0 = Release|Win32
		{F63F1294-F49D-4C9D-BC3B-0975E40C6389}.Debug|x64.ActiveCfg = Debug|x64
		{F63F1294-F49D-4C9D-BC3B-0975E40C6389}.Debug|x64.Build.0 = Debug|x64
		{F63F1294-F49D-4C9D-BC3B-0975E40C6389}.Debug|x86.ActiveCfg = Debug|Win32
		{F63F1294-F49D-4C9D-BC3B-0975E40C6389}.Debug|x86.Build.0 = Debug|Win32
		{F63F1294-F49D-4C9D-BC3B-0975E40C6389}.Release|x64.ActiveCfg = Release|x64
		{F63F1294-F49D-4C9D-BC3B-0975E40C6389}.Release|x64.Build.0 = Release|x64
		{F63F1294-F49D-4C9D-BC3B-0975E40C6389}.Release|x86.ActiveCfg = Release|Win32
		{F63F1294-F49D-4C9D-BC3B-0975E40C6389}.Release|x86.Build.0 = Release|Win32
	EndGlobalSection
	GlobalSection(SolutionProperties) = preSolution
		HideSolutionNode = FALSE
	EndGlobalSection
	GlobalSection(ExtensibilityGlobals) = postSolution
		SolutionGuid = {2386B333-E742-45C2-B327-FF950FE3C521}
	EndGlobalSection
EndGlobal
